
Microsoft Visual Studio Solution File, Format Version 12.00
# Visual Studio Version 16
VisualStudioVersion = 16.0.31105.61
MinimumVisualStudioVersion = 10.0.40219.1
Project("{FAE04EC0-301F-11D3-BF4B-00C04F79EFBC}") = "Sudoku.ConsoleApp", "Sudoku.ConsoleApp\Sudoku.ConsoleApp.csproj", "{D6B73355-E0DF-42D2-BB02-F5661AEE8FCC}"
EndProject
Global
	GlobalSection(SolutionConfigurationPlatforms) = preSolution
		Debug|Any CPU = Debug|Any CPU
		Release|Any CPU = Release|Any CPU
	EndGlobalSection
	GlobalSection(ProjectConfigurationPlatforms) = postSolution
		{D6B73355-E0DF-42D2-BB02-F5661AEE8FCC}.Debug|Any CPU.ActiveCfg = Debug|Any CPU
		{D6B73355-E0DF-42D2-BB02-F5661AEE8FCC}.Debug|Any CPU.Build.0 = Debug|Any CPU
		{D6B73355-E0DF-42D2-BB02-F5661AEE8FCC}.Release|Any CPU.ActiveCfg = Release|Any CPU
		{D6B73355-E0DF-42D2-BB02-F5661AEE8FCC}.Release|Any CPU.Build.0 = Release|Any CPU
	EndGlobalSection
	GlobalSection(SolutionProperties) = preSolution
		HideSolutionNode = FALSE
	EndGlobalSection
	GlobalSection(ExtensibilityGlobals) = postSolution
		SolutionGuid = {7A2C8DC6-A23C-4041-AD4E-C41378753D63}
	EndGlobalSection
EndGlobal
